
Microsoft Visual Studio Solution File, Format Version 12.00
# Visual Studio Version 16
VisualStudioVersion = 16.0.31105.61
MinimumVisualStudioVersion = 10.0.40219.1
Project("{FAE04EC0-301F-11D3-BF4B-00C04F79EFBC}") = "ListExercises", "ListExercises\ListExercises.csproj", "{905CBF52-F872-445C-9E32-043399C20226}"
EndProject
Global
	GlobalSection(SolutionConfigurationPlatforms) = preSolution
		Debug|Any CPU = Debug|Any CPU
		Release|Any CPU = Release|Any CPU
	EndGlobalSection
	GlobalSection(ProjectConfigurationPlatforms) = postSolution
		{905CBF52-F872-445C-9E32-043399C20226}.Debug|Any CPU.ActiveCfg = Debug|Any CPU
		{905CBF52-F872-445C-9E32-043399C20226}.Debug|Any CPU.Build.0 = Debug|Any CPU
		{905CBF52-F872-445C-9E32-043399C20226}.Release|Any CPU.ActiveCfg = Release|Any CPU
		{905CBF52-F872-445C-9E32-043399C20226}.Release|Any CPU.Build.0 = Release|Any CPU
	EndGlobalSection
	GlobalSection(SolutionProperties) = preSolution
		HideSolutionNode = FALSE
	EndGlobalSection
	GlobalSection(ExtensibilityGlobals) = postSolution
		SolutionGuid = {E15E3773-2F04-4661-A60D-31BCB43748C8}
	EndGlobalSection
EndGlobal
