
Microsoft Visual Studio Solution File, Format Version 12.00
# Visual Studio Version 16
VisualStudioVersion = 16.0.31105.61
MinimumVisualStudioVersion = 10.0.40219.1
Project("{9A19103F-16F7-4668-BE54-9A1E7A4F7556}") = "StringFormatting", "String\StringFormatting.csproj", "{10EBE796-2C2A-4BCB-8549-C94D2E8851CD}"
EndProject
Global
	GlobalSection(SolutionConfigurationPlatforms) = preSolution
		Debug|Any CPU = Debug|Any CPU
		Release|Any CPU = Release|Any CPU
	EndGlobalSection
	GlobalSection(ProjectConfigurationPlatforms) = postSolution
		{10EBE796-2C2A-4BCB-8549-C94D2E8851CD}.Debug|Any CPU.ActiveCfg = Debug|Any CPU
		{10EBE796-2C2A-4BCB-8549-C94D2E8851CD}.Debug|Any CPU.Build.0 = Debug|Any CPU
		{10EBE796-2C2A-4BCB-8549-C94D2E8851CD}.Release|Any CPU.ActiveCfg = Release|Any CPU
		{10EBE796-2C2A-4BCB-8549-C94D2E8851CD}.Release|Any CPU.Build.0 = Release|Any CPU
	EndGlobalSection
	GlobalSection(SolutionProperties) = preSolution
		HideSolutionNode = FALSE
	EndGlobalSection
	GlobalSection(ExtensibilityGlobals) = postSolution
		SolutionGuid = {CDD3BD50-EA9F-4C2A-8575-E1F718F3A220}
	EndGlobalSection
EndGlobal
