
Microsoft Visual Studio Solution File, Format Version 12.00
# Visual Studio Version 16
VisualStudioVersion = 16.0.31205.134
MinimumVisualStudioVersion = 10.0.40219.1
Project("{FAE04EC0-301F-11D3-BF4B-00C04F79EFBC}") = "MethodOverriding", "MethodOverriding\MethodOverriding.csproj", "{F372C605-6861-4269-B6B5-3209D5E6EF93}"
EndProject
Global
	GlobalSection(SolutionConfigurationPlatforms) = preSolution
		Debug|Any CPU = Debug|Any CPU
		Release|Any CPU = Release|Any CPU
	EndGlobalSection
	GlobalSection(ProjectConfigurationPlatforms) = postSolution
		{F372C605-6861-4269-B6B5-3209D5E6EF93}.Debug|Any CPU.ActiveCfg = Debug|Any CPU
		{F372C605-6861-4269-B6B5-3209D5E6EF93}.Debug|Any CPU.Build.0 = Debug|Any CPU
		{F372C605-6861-4269-B6B5-3209D5E6EF93}.Release|Any CPU.ActiveCfg = Release|Any CPU
		{F372C605-6861-4269-B6B5-3209D5E6EF93}.Release|Any CPU.Build.0 = Release|Any CPU
	EndGlobalSection
	GlobalSection(SolutionProperties) = preSolution
		HideSolutionNode = FALSE
	EndGlobalSection
	GlobalSection(ExtensibilityGlobals) = postSolution
		SolutionGuid = {7EF592BC-1409-4510-BD57-0BD63614A807}
	EndGlobalSection
EndGlobal
