
Microsoft Visual Studio Solution File, Format Version 12.00
# Visual Studio Version 16
VisualStudioVersion = 16.0.31105.61
MinimumVisualStudioVersion = 10.0.40219.1
Project("{9A19103F-16F7-4668-BE54-9A1E7A4F7556}") = "Exercise1CWM", "Exercise1CWM\Exercise1CWM.csproj", "{8F9DF0DB-6D53-421A-9A47-2DACFF0EC8B8}"
EndProject
Project("{FAE04EC0-301F-11D3-BF4B-00C04F79EFBC}") = "March17Random", "March17Random\March17Random.csproj", "{9D28400D-7750-4D4A-AF0F-2969B4F0AF1E}"
EndProject
Global
	GlobalSection(SolutionConfigurationPlatforms) = preSolution
		Debug|Any CPU = Debug|Any CPU
		Release|Any CPU = Release|Any CPU
	EndGlobalSection
	GlobalSection(ProjectConfigurationPlatforms) = postSolution
		{8F9DF0DB-6D53-421A-9A47-2DACFF0EC8B8}.Debug|Any CPU.ActiveCfg = Debug|Any CPU
		{8F9DF0DB-6D53-421A-9A47-2DACFF0EC8B8}.Debug|Any CPU.Build.0 = Debug|Any CPU
		{8F9DF0DB-6D53-421A-9A47-2DACFF0EC8B8}.Release|Any CPU.ActiveCfg = Release|Any CPU
		{8F9DF0DB-6D53-421A-9A47-2DACFF0EC8B8}.Release|Any CPU.Build.0 = Release|Any CPU
		{9D28400D-7750-4D4A-AF0F-2969B4F0AF1E}.Debug|Any CPU.ActiveCfg = Debug|Any CPU
		{9D28400D-7750-4D4A-AF0F-2969B4F0AF1E}.Debug|Any CPU.Build.0 = Debug|Any CPU
		{9D28400D-7750-4D4A-AF0F-2969B4F0AF1E}.Release|Any CPU.ActiveCfg = Release|Any CPU
		{9D28400D-7750-4D4A-AF0F-2969B4F0AF1E}.Release|Any CPU.Build.0 = Release|Any CPU
	EndGlobalSection
	GlobalSection(SolutionProperties) = preSolution
		HideSolutionNode = FALSE
	EndGlobalSection
	GlobalSection(ExtensibilityGlobals) = postSolution
		SolutionGuid = {22ADD0B8-900E-4F51-89ED-631E1E15177F}
	EndGlobalSection
EndGlobal
